
Microsoft Visual Studio Solution File, Format Version 12.00
# Visual Studio Version 17
VisualStudioVersion = 17.4.33205.214
MinimumVisualStudioVersion = 10.0.40219.1
Project("{9A19103F-16F7-4668-BE54-9A1E7A4F7556}") = "API_Witcher", "API_Witcher\API_Witcher.csproj", "{32177E33-A1E4-4017-A884-195A24679A05}"
EndProject
Project("{9A19103F-16F7-4668-BE54-9A1E7A4F7556}") = "API_Witcher.Core.Models", "API_Witcher.Core.Models\API_Witcher.Core.Models.csproj", "{BD21A159-EA05-439D-90A0-A6A3D1313E01}"
EndProject
Project("{FAE04EC0-301F-11D3-BF4B-00C04F79EFBC}") = "API_Witcher.Core.Data", "API_Witcher.Core.Data\API_Witcher.Core.Data.csproj", "{922E3124-F04E-437E-9F8C-0B9DA36C1444}"
EndProject
Global
	GlobalSection(SolutionConfigurationPlatforms) = preSolution
		Debug|Any CPU = Debug|Any CPU
		Release|Any CPU = Release|Any CPU
	EndGlobalSection
	GlobalSection(ProjectConfigurationPlatforms) = postSolution
		{32177E33-A1E4-4017-A884-195A24679A05}.Debug|Any CPU.ActiveCfg = Debug|Any CPU
		{32177E33-A1E4-4017-A884-195A24679A05}.Debug|Any CPU.Build.0 = Debug|Any CPU
		{32177E33-A1E4-4017-A884-195A24679A05}.Release|Any CPU.ActiveCfg = Release|Any CPU
		{32177E33-A1E4-4017-A884-195A24679A05}.Release|Any CPU.Build.0 = Release|Any CPU
		{BD21A159-EA05-439D-90A0-A6A3D1313E01}.Debug|Any CPU.ActiveCfg = Debug|Any CPU
		{BD21A159-EA05-439D-90A0-A6A3D1313E01}.Debug|Any CPU.Build.0 = Debug|Any CPU
		{BD21A159-EA05-439D-90A0-A6A3D1313E01}.Release|Any CPU.ActiveCfg = Release|Any CPU
		{BD21A159-EA05-439D-90A0-A6A3D1313E01}.Release|Any CPU.Build.0 = Release|Any CPU
		{922E3124-F04E-437E-9F8C-0B9DA36C1444}.Debug|Any CPU.ActiveCfg = Debug|Any CPU
		{922E3124-F04E-437E-9F8C-0B9DA36C1444}.Debug|Any CPU.Build.0 = Debug|Any CPU
		{922E3124-F04E-437E-9F8C-0B9DA36C1444}.Release|Any CPU.ActiveCfg = Release|Any CPU
		{922E3124-F04E-437E-9F8C-0B9DA36C1444}.Release|Any CPU.Build.0 = Release|Any CPU
	EndGlobalSection
	GlobalSection(SolutionProperties) = preSolution
		HideSolutionNode = FALSE
	EndGlobalSection
	GlobalSection(ExtensibilityGlobals) = postSolution
		SolutionGuid = {064115A7-31E0-4313-B01A-EF0D588D6BD2}
	EndGlobalSection
EndGlobal
